// !$*UTF8*$!
{
	archiveVersion = 1;
	classes = {
	};
	objectVersion = 46;
	objects = {

/* Begin PBXBuildFile section */
		591C118D1608B6CD004806F1 /* background_round.png in Resources */ = {isa = PBXBuildFile; fileRef = 591C118C1608B6CD004806F1 /* background_round.png */; };
		591C11911608B8AD004806F1 /* button_next_1.jpg in Resources */ = {isa = PBXBuildFile; fileRef = 591C118F1608B8AD004806F1 /* button_next_1.jpg */; };
		591C11921608B8AD004806F1 /* button_previous_1.jpg in Resources */ = {isa = PBXBuildFile; fileRef = 591C11901608B8AD004806F1 /* button_previous_1.jpg */; };
		592B4AD116060CBC00AD715E /* FXImageView.m in Sources */ = {isa = PBXBuildFile; fileRef = 592B4ACE16060CBC00AD715E /* FXImageView.m */; };
		592B4AD216060CBC00AD715E /* UIImage+FX.m in Sources */ = {isa = PBXBuildFile; fileRef = 592B4AD016060CBC00AD715E /* UIImage+FX.m */; };
		592B4AD716060DE400AD715E /* iCarousel.m in Sources */ = {isa = PBXBuildFile; fileRef = 592B4AD616060DE400AD715E /* iCarousel.m */; };
		592B4ADA16060E0500AD715E /* QuartzCore.framework in Frameworks */ = {isa = PBXBuildFile; fileRef = 592B4AD916060E0500AD715E /* QuartzCore.framework */; };
		592B4AE51606166600AD715E /* CoverFlowViewController.m in Sources */ = {isa = PBXBuildFile; fileRef = 592B4AE41606166600AD715E /* CoverFlowViewController.m */; };
		592B4AED1606264F00AD715E /* button_next.png in Resources */ = {isa = PBXBuildFile; fileRef = 592B4AE61606264F00AD715E /* button_next.png */; };
		592B4AEE1606264F00AD715E /* button_play.png in Resources */ = {isa = PBXBuildFile; fileRef = 592B4AE71606264F00AD715E /* button_play.png */; };
		592B4AEF1606264F00AD715E /* button_previous.png in Resources */ = {isa = PBXBuildFile; fileRef = 592B4AE81606264F00AD715E /* button_previous.png */; };
		592B4AF01606264F00AD715E /* lyrics_tag.png in Resources */ = {isa = PBXBuildFile; fileRef = 592B4AE91606264F00AD715E /* lyrics_tag.png */; };
		592B4AF11606264F00AD715E /* lyrics_tag@2x.png in Resources */ = {isa = PBXBuildFile; fileRef = 592B4AEA1606264F00AD715E /* lyrics_tag@2x.png */; };
		592B4AF6160628B300AD715E /* slider_max.png in Resources */ = {isa = PBXBuildFile; fileRef = 592B4AF4160628B300AD715E /* slider_max.png */; };
		592B4AF7160628B300AD715E /* slider_min.png in Resources */ = {isa = PBXBuildFile; fileRef = 592B4AF5160628B300AD715E /* slider_min.png */; };
		594A1056160C50D2001D516C /* Reyna.ttf in Resources */ = {isa = PBXBuildFile; fileRef = 594A1055160C50D2001D516C /* Reyna.ttf */; };
		594A105A160C6139001D516C /* ArtistCell.m in Sources */ = {isa = PBXBuildFile; fileRef = 594A1059160C6139001D516C /* ArtistCell.m */; };
		594A105D160C722D001D516C /* SongCell.m in Sources */ = {isa = PBXBuildFile; fileRef = 594A105C160C722D001D516C /* SongCell.m */; };
		594A1061160C7543001D516C /* AllbumDetailViewController.m in Sources */ = {isa = PBXBuildFile; fileRef = 594A105F160C7543001D516C /* AllbumDetailViewController.m */; };
		594A1062160C7543001D516C /* AllbumDetailViewController.xib in Resources */ = {isa = PBXBuildFile; fileRef = 594A1060160C7543001D516C /* AllbumDetailViewController.xib */; };
		59732405160A13B900B373A6 /* btn_previous_1.png in Resources */ = {isa = PBXBuildFile; fileRef = 59732404160A13B900B373A6 /* btn_previous_1.png */; };
		59732407160A151100B373A6 /* button_sidebar.png in Resources */ = {isa = PBXBuildFile; fileRef = 59732406160A151100B373A6 /* button_sidebar.png */; };
		5973240A160A15A600B373A6 /* HomeViewController.m in Sources */ = {isa = PBXBuildFile; fileRef = 59732409160A15A600B373A6 /* HomeViewController.m */; };
		5973240E160A280100B373A6 /* bg_home.png in Resources */ = {isa = PBXBuildFile; fileRef = 5973240D160A280100B373A6 /* bg_home.png */; };
		59732412160A2A0C00B373A6 /* bg_home_bottom.png in Resources */ = {isa = PBXBuildFile; fileRef = 59732411160A2A0C00B373A6 /* bg_home_bottom.png */; };
		59732419160A2B2E00B373A6 /* btn_home_1.png in Resources */ = {isa = PBXBuildFile; fileRef = 59732413160A2B2E00B373A6 /* btn_home_1.png */; };
		5973241A160A2B2E00B373A6 /* btn_home_2.png in Resources */ = {isa = PBXBuildFile; fileRef = 59732414160A2B2E00B373A6 /* btn_home_2.png */; };
		5973241B160A2B2E00B373A6 /* btn_home_3.png in Resources */ = {isa = PBXBuildFile; fileRef = 59732415160A2B2E00B373A6 /* btn_home_3.png */; };
		5973241C160A2B2E00B373A6 /* btn_home_4.png in Resources */ = {isa = PBXBuildFile; fileRef = 59732416160A2B2E00B373A6 /* btn_home_4.png */; };
		5973241D160A2B2E00B373A6 /* btn_home_5.png in Resources */ = {isa = PBXBuildFile; fileRef = 59732417160A2B2E00B373A6 /* btn_home_5.png */; };
		5973241E160A2B2E00B373A6 /* btn_home_6.png in Resources */ = {isa = PBXBuildFile; fileRef = 59732418160A2B2E00B373A6 /* btn_home_6.png */; };
		598E80BE1605DC8800FCC935 /* AlbumViewController.m in Sources */ = {isa = PBXBuildFile; fileRef = 598E80BD1605DC8800FCC935 /* AlbumViewController.m */; };
		598E80C11605DE8A00FCC935 /* sidebar_button.png in Resources */ = {isa = PBXBuildFile; fileRef = 598E80BF1605DE8900FCC935 /* sidebar_button.png */; };
		598E80C21605DE8A00FCC935 /* sidebar_button@2x.png in Resources */ = {isa = PBXBuildFile; fileRef = 598E80C01605DE8900FCC935 /* sidebar_button@2x.png */; };
		598E80CA1605E57F00FCC935 /* SEMasonryView.framework in Frameworks */ = {isa = PBXBuildFile; fileRef = 598E80C91605E57F00FCC935 /* SEMasonryView.framework */; };
		598E80D21605EADE00FCC935 /* AlbumCell.m in Sources */ = {isa = PBXBuildFile; fileRef = 598E80D11605EADB00FCC935 /* AlbumCell.m */; };
		598E80D41605EE9400FCC935 /* AlbumCell.xib in Resources */ = {isa = PBXBuildFile; fileRef = 598E80D31605EE9400FCC935 /* AlbumCell.xib */; };
		5999D2E216078677001D3E33 /* sidebar_1.png in Resources */ = {isa = PBXBuildFile; fileRef = 5999D2D816078677001D3E33 /* sidebar_1.png */; };
		5999D2E316078677001D3E33 /* sidebar_1@2x.png in Resources */ = {isa = PBXBuildFile; fileRef = 5999D2D916078677001D3E33 /* sidebar_1@2x.png */; };
		5999D2E416078677001D3E33 /* sidebar_2.png in Resources */ = {isa = PBXBuildFile; fileRef = 5999D2DA16078677001D3E33 /* sidebar_2.png */; };
		5999D2E516078677001D3E33 /* sidebar_2@2x.png in Resources */ = {isa = PBXBuildFile; fileRef = 5999D2DB16078677001D3E33 /* sidebar_2@2x.png */; };
		5999D2E616078677001D3E33 /* sidebar_3.png in Resources */ = {isa = PBXBuildFile; fileRef = 5999D2DC16078677001D3E33 /* sidebar_3.png */; };
		5999D2E716078677001D3E33 /* sidebar_3@2x.png in Resources */ = {isa = PBXBuildFile; fileRef = 5999D2DD16078677001D3E33 /* sidebar_3@2x.png */; };
		5999D2E816078677001D3E33 /* sidebar_4.png in Resources */ = {isa = PBXBuildFile; fileRef = 5999D2DE16078677001D3E33 /* sidebar_4.png */; };
		5999D2E916078677001D3E33 /* sidebar_4@2x.png in Resources */ = {isa = PBXBuildFile; fileRef = 5999D2DF16078677001D3E33 /* sidebar_4@2x.png */; };
		5999D2EA16078677001D3E33 /* sidebar_5.png in Resources */ = {isa = PBXBuildFile; fileRef = 5999D2E016078677001D3E33 /* sidebar_5.png */; };
		5999D2EB16078677001D3E33 /* sidebar_5@2x.png in Resources */ = {isa = PBXBuildFile; fileRef = 5999D2E116078677001D3E33 /* sidebar_5@2x.png */; };
		5999D2EE16078699001D3E33 /* sidebar_6.png in Resources */ = {isa = PBXBuildFile; fileRef = 5999D2EC16078699001D3E33 /* sidebar_6.png */; };
		5999D2EF16078699001D3E33 /* sidebar_6@2x .png in Resources */ = {isa = PBXBuildFile; fileRef = 5999D2ED16078699001D3E33 /* sidebar_6@2x .png */; };
		59CD25A015F31F0A00030DC2 /* UIKit.framework in Frameworks */ = {isa = PBXBuildFile; fileRef = 59CD259F15F31F0A00030DC2 /* UIKit.framework */; };
		59CD25A215F31F0A00030DC2 /* Foundation.framework in Frameworks */ = {isa = PBXBuildFile; fileRef = 59CD25A115F31F0A00030DC2 /* Foundation.framework */; };
		59CD25A415F31F0A00030DC2 /* CoreGraphics.framework in Frameworks */ = {isa = PBXBuildFile; fileRef = 59CD25A315F31F0A00030DC2 /* CoreGraphics.framework */; };
		59CD25AA15F31F0A00030DC2 /* InfoPlist.strings in Resources */ = {isa = PBXBuildFile; fileRef = 59CD25A815F31F0A00030DC2 /* InfoPlist.strings */; };
		59CD25AC15F31F0A00030DC2 /* main.m in Sources */ = {isa = PBXBuildFile; fileRef = 59CD25AB15F31F0A00030DC2 /* main.m */; };
		59CD25B015F31F0A00030DC2 /* AppDelegate.m in Sources */ = {isa = PBXBuildFile; fileRef = 59CD25AF15F31F0A00030DC2 /* AppDelegate.m */; };
		59CD25B315F31F0A00030DC2 /* MainStoryboard.storyboard in Resources */ = {isa = PBXBuildFile; fileRef = 59CD25B115F31F0A00030DC2 /* MainStoryboard.storyboard */; };
		59CD25C215F31F4300030DC2 /* UINavigationItem+JTRevealSidebarV2.m in Sources */ = {isa = PBXBuildFile; fileRef = 59CD25BF15F31F4300030DC2 /* UINavigationItem+JTRevealSidebarV2.m */; };
		59CD25C315F31F4300030DC2 /* UIViewController+JTRevealSidebarV2.m in Sources */ = {isa = PBXBuildFile; fileRef = 59CD25C115F31F4300030DC2 /* UIViewController+JTRevealSidebarV2.m */; };
		59CD25C915F31F9900030DC2 /* PlayerViewController.m in Sources */ = {isa = PBXBuildFile; fileRef = 59CD25C615F31F9900030DC2 /* PlayerViewController.m */; };
		59CD25CA15F31F9900030DC2 /* SidebarViewController.m in Sources */ = {isa = PBXBuildFile; fileRef = 59CD25C815F31F9900030DC2 /* SidebarViewController.m */; };
		59CD261B15F335C400030DC2 /* MediaPlayer.framework in Frameworks */ = {isa = PBXBuildFile; fileRef = 59CD261A15F335C400030DC2 /* MediaPlayer.framework */; };
		59CD261F15F33A9D00030DC2 /* AlbumsViewController.m in Sources */ = {isa = PBXBuildFile; fileRef = 59CD261E15F33A9D00030DC2 /* AlbumsViewController.m */; };
		59CD262215F33ABB00030DC2 /* ArtistsViewController.m in Sources */ = {isa = PBXBuildFile; fileRef = 59CD262115F33ABB00030DC2 /* ArtistsViewController.m */; };
		59CD262515F33ACC00030DC2 /* SongsViewController.m in Sources */ = {isa = PBXBuildFile; fileRef = 59CD262415F33ACC00030DC2 /* SongsViewController.m */; };
		59CD262C15F33B5000030DC2 /* NextButton.png in Resources */ = {isa = PBXBuildFile; fileRef = 59CD262715F33B5000030DC2 /* NextButton.png */; };
		59CD262D15F33B5000030DC2 /* noArtworkImage.png in Resources */ = {isa = PBXBuildFile; fileRef = 59CD262815F33B5000030DC2 /* noArtworkImage.png */; };
		59CD262E15F33B5000030DC2 /* pauseButton.png in Resources */ = {isa = PBXBuildFile; fileRef = 59CD262915F33B5000030DC2 /* pauseButton.png */; };
		59CD262F15F33B5000030DC2 /* playButton.png in Resources */ = {isa = PBXBuildFile; fileRef = 59CD262A15F33B5000030DC2 /* playButton.png */; };
		59CD263015F33B5000030DC2 /* PreviousButton.png in Resources */ = {isa = PBXBuildFile; fileRef = 59CD262B15F33B5000030DC2 /* PreviousButton.png */; };
		F17DFA75160B0E0200F2B96E /* JSONKit.m in Sources */ = {isa = PBXBuildFile; fileRef = F17DFA74160B0E0200F2B96E /* JSONKit.m */; settings = {COMPILER_FLAGS = "-fno-objc-arc"; }; };
		F17DFA7B160C317B00F2B96E /* Brush Script.ttf in Resources */ = {isa = PBXBuildFile; fileRef = F17DFA7A160C317B00F2B96E /* Brush Script.ttf */; };
/* End PBXBuildFile section */

/* Begin PBXFileReference section */
		591C118C1608B6CD004806F1 /* background_round.png */ = {isa = PBXFileReference; lastKnownFileType = image.png; path = background_round.png; sourceTree = "<group>"; };
		591C118F1608B8AD004806F1 /* button_next_1.jpg */ = {isa = PBXFileReference; lastKnownFileType = image.jpeg; path = button_next_1.jpg; sourceTree = "<group>"; };
		591C11901608B8AD004806F1 /* button_previous_1.jpg */ = {isa = PBXFileReference; lastKnownFileType = image.jpeg; path = button_previous_1.jpg; sourceTree = "<group>"; };
		592B4ACD16060CBC00AD715E /* FXImageView.h */ = {isa = PBXFileReference; fileEncoding = 4; lastKnownFileType = sourcecode.c.h; path = FXImageView.h; sourceTree = "<group>"; };
		592B4ACE16060CBC00AD715E /* FXImageView.m */ = {isa = PBXFileReference; fileEncoding = 4; lastKnownFileType = sourcecode.c.objc; path = FXImageView.m; sourceTree = "<group>"; };
		592B4ACF16060CBC00AD715E /* UIImage+FX.h */ = {isa = PBXFileReference; fileEncoding = 4; lastKnownFileType = sourcecode.c.h; path = "UIImage+FX.h"; sourceTree = "<group>"; };
		592B4AD016060CBC00AD715E /* UIImage+FX.m */ = {isa = PBXFileReference; fileEncoding = 4; lastKnownFileType = sourcecode.c.objc; path = "UIImage+FX.m"; sourceTree = "<group>"; };
		592B4AD516060DE400AD715E /* iCarousel.h */ = {isa = PBXFileReference; fileEncoding = 4; lastKnownFileType = sourcecode.c.h; path = iCarousel.h; sourceTree = "<group>"; };
		592B4AD616060DE400AD715E /* iCarousel.m */ = {isa = PBXFileReference; fileEncoding = 4; lastKnownFileType = sourcecode.c.objc; path = iCarousel.m; sourceTree = "<group>"; };
		592B4AD916060E0500AD715E /* QuartzCore.framework */ = {isa = PBXFileReference; lastKnownFileType = wrapper.framework; name = QuartzCore.framework; path = System/Library/Frameworks/QuartzCore.framework; sourceTree = SDKROOT; };
		592B4AE31606166600AD715E /* CoverFlowViewController.h */ = {isa = PBXFileReference; fileEncoding = 4; lastKnownFileType = sourcecode.c.h; path = CoverFlowViewController.h; sourceTree = "<group>"; };
		592B4AE41606166600AD715E /* CoverFlowViewController.m */ = {isa = PBXFileReference; fileEncoding = 4; lastKnownFileType = sourcecode.c.objc; path = CoverFlowViewController.m; sourceTree = "<group>"; };
		592B4AE61606264F00AD715E /* button_next.png */ = {isa = PBXFileReference; lastKnownFileType = image.png; path = button_next.png; sourceTree = "<group>"; };
		592B4AE71606264F00AD715E /* button_play.png */ = {isa = PBXFileReference; lastKnownFileType = image.png; path = button_play.png; sourceTree = "<group>"; };
		592B4AE81606264F00AD715E /* button_previous.png */ = {isa = PBXFileReference; lastKnownFileType = image.png; path = button_previous.png; sourceTree = "<group>"; };
		592B4AE91606264F00AD715E /* lyrics_tag.png */ = {isa = PBXFileReference; lastKnownFileType = image.png; path = lyrics_tag.png; sourceTree = "<group>"; };
		592B4AEA1606264F00AD715E /* lyrics_tag@2x.png */ = {isa = PBXFileReference; lastKnownFileType = image.png; path = "lyrics_tag@2x.png"; sourceTree = "<group>"; };
		592B4AF4160628B300AD715E /* slider_max.png */ = {isa = PBXFileReference; lastKnownFileType = image.png; path = slider_max.png; sourceTree = "<group>"; };
		592B4AF5160628B300AD715E /* slider_min.png */ = {isa = PBXFileReference; lastKnownFileType = image.png; path = slider_min.png; sourceTree = "<group>"; };
		594A1055160C50D2001D516C /* Reyna.ttf */ = {isa = PBXFileReference; lastKnownFileType = file; path = Reyna.ttf; sourceTree = "<group>"; };
		594A1058160C6138001D516C /* ArtistCell.h */ = {isa = PBXFileReference; fileEncoding = 4; lastKnownFileType = sourcecode.c.h; path = ArtistCell.h; sourceTree = "<group>"; };
		594A1059160C6139001D516C /* ArtistCell.m */ = {isa = PBXFileReference; fileEncoding = 4; lastKnownFileType = sourcecode.c.objc; path = ArtistCell.m; sourceTree = "<group>"; };
		594A105B160C722D001D516C /* SongCell.h */ = {isa = PBXFileReference; fileEncoding = 4; lastKnownFileType = sourcecode.c.h; path = SongCell.h; sourceTree = "<group>"; };
		594A105C160C722D001D516C /* SongCell.m */ = {isa = PBXFileReference; fileEncoding = 4; lastKnownFileType = sourcecode.c.objc; path = SongCell.m; sourceTree = "<group>"; };
		594A105E160C7543001D516C /* AllbumDetailViewController.h */ = {isa = PBXFileReference; fileEncoding = 4; lastKnownFileType = sourcecode.c.h; path = AllbumDetailViewController.h; sourceTree = "<group>"; };
		594A105F160C7543001D516C /* AllbumDetailViewController.m */ = {isa = PBXFileReference; fileEncoding = 4; lastKnownFileType = sourcecode.c.objc; path = AllbumDetailViewController.m; sourceTree = "<group>"; };
		594A1060160C7543001D516C /* AllbumDetailViewController.xib */ = {isa = PBXFileReference; fileEncoding = 4; lastKnownFileType = file.xib; path = AllbumDetailViewController.xib; sourceTree = "<group>"; };
		59732404160A13B900B373A6 /* btn_previous_1.png */ = {isa = PBXFileReference; lastKnownFileType = image.png; path = btn_previous_1.png; sourceTree = "<group>"; };
		59732406160A151100B373A6 /* button_sidebar.png */ = {isa = PBXFileReference; lastKnownFileType = image.png; name = button_sidebar.png; path = ../button_sidebar.png; sourceTree = "<group>"; };
		59732408160A15A600B373A6 /* HomeViewController.h */ = {isa = PBXFileReference; fileEncoding = 4; lastKnownFileType = sourcecode.c.h; path = HomeViewController.h; sourceTree = "<group>"; };
		59732409160A15A600B373A6 /* HomeViewController.m */ = {isa = PBXFileReference; fileEncoding = 4; lastKnownFileType = sourcecode.c.objc; path = HomeViewController.m; sourceTree = "<group>"; };
		5973240D160A280100B373A6 /* bg_home.png */ = {isa = PBXFileReference; lastKnownFileType = image.png; path = bg_home.png; sourceTree = "<group>"; };
		59732411160A2A0C00B373A6 /* bg_home_bottom.png */ = {isa = PBXFileReference; lastKnownFileType = image.png; path = bg_home_bottom.png; sourceTree = "<group>"; };
		59732413160A2B2E00B373A6 /* btn_home_1.png */ = {isa = PBXFileReference; lastKnownFileType = image.png; path = btn_home_1.png; sourceTree = "<group>"; };
		59732414160A2B2E00B373A6 /* btn_home_2.png */ = {isa = PBXFileReference; lastKnownFileType = image.png; path = btn_home_2.png; sourceTree = "<group>"; };
		59732415160A2B2E00B373A6 /* btn_home_3.png */ = {isa = PBXFileReference; lastKnownFileType = image.png; path = btn_home_3.png; sourceTree = "<group>"; };
		59732416160A2B2E00B373A6 /* btn_home_4.png */ = {isa = PBXFileReference; lastKnownFileType = image.png; path = btn_home_4.png; sourceTree = "<group>"; };
		59732417160A2B2E00B373A6 /* btn_home_5.png */ = {isa = PBXFileReference; lastKnownFileType = image.png; path = btn_home_5.png; sourceTree = "<group>"; };
		59732418160A2B2E00B373A6 /* btn_home_6.png */ = {isa = PBXFileReference; lastKnownFileType = image.png; path = btn_home_6.png; sourceTree = "<group>"; };
		598E80BC1605DC8800FCC935 /* AlbumViewController.h */ = {isa = PBXFileReference; fileEncoding = 4; lastKnownFileType = sourcecode.c.h; path = AlbumViewController.h; sourceTree = "<group>"; };
		598E80BD1605DC8800FCC935 /* AlbumViewController.m */ = {isa = PBXFileReference; fileEncoding = 4; lastKnownFileType = sourcecode.c.objc; path = AlbumViewController.m; sourceTree = "<group>"; };
		598E80BF1605DE8900FCC935 /* sidebar_button.png */ = {isa = PBXFileReference; lastKnownFileType = image.png; path = sidebar_button.png; sourceTree = "<group>"; };
		598E80C01605DE8900FCC935 /* sidebar_button@2x.png */ = {isa = PBXFileReference; lastKnownFileType = image.png; path = "sidebar_button@2x.png"; sourceTree = "<group>"; };
		598E80C91605E57F00FCC935 /* SEMasonryView.framework */ = {isa = PBXFileReference; lastKnownFileType = wrapper.framework; path = SEMasonryView.framework; sourceTree = "<group>"; };
		598E80D01605EADA00FCC935 /* AlbumCell.h */ = {isa = PBXFileReference; fileEncoding = 4; lastKnownFileType = sourcecode.c.h; path = AlbumCell.h; sourceTree = "<group>"; };
		598E80D11605EADB00FCC935 /* AlbumCell.m */ = {isa = PBXFileReference; fileEncoding = 4; lastKnownFileType = sourcecode.c.objc; path = AlbumCell.m; sourceTree = "<group>"; };
		598E80D31605EE9400FCC935 /* AlbumCell.xib */ = {isa = PBXFileReference; fileEncoding = 4; lastKnownFileType = file.xib; path = AlbumCell.xib; sourceTree = "<group>"; };
		5999D2D816078677001D3E33 /* sidebar_1.png */ = {isa = PBXFileReference; lastKnownFileType = image.png; path = sidebar_1.png; sourceTree = "<group>"; };
		5999D2D916078677001D3E33 /* sidebar_1@2x.png */ = {isa = PBXFileReference; lastKnownFileType = image.png; path = "sidebar_1@2x.png"; sourceTree = "<group>"; };
		5999D2DA16078677001D3E33 /* sidebar_2.png */ = {isa = PBXFileReference; lastKnownFileType = image.png; path = sidebar_2.png; sourceTree = "<group>"; };
		5999D2DB16078677001D3E33 /* sidebar_2@2x.png */ = {isa = PBXFileReference; lastKnownFileType = image.png; path = "sidebar_2@2x.png"; sourceTree = "<group>"; };
		5999D2DC16078677001D3E33 /* sidebar_3.png */ = {isa = PBXFileReference; lastKnownFileType = image.png; path = sidebar_3.png; sourceTree = "<group>"; };
		5999D2DD16078677001D3E33 /* sidebar_3@2x.png */ = {isa = PBXFileReference; lastKnownFileType = image.png; path = "sidebar_3@2x.png"; sourceTree = "<group>"; };
		5999D2DE16078677001D3E33 /* sidebar_4.png */ = {isa = PBXFileReference; lastKnownFileType = image.png; path = sidebar_4.png; sourceTree = "<group>"; };
		5999D2DF16078677001D3E33 /* sidebar_4@2x.png */ = {isa = PBXFileReference; lastKnownFileType = image.png; path = "sidebar_4@2x.png"; sourceTree = "<group>"; };
		5999D2E016078677001D3E33 /* sidebar_5.png */ = {isa = PBXFileReference; lastKnownFileType = image.png; path = sidebar_5.png; sourceTree = "<group>"; };
		5999D2E116078677001D3E33 /* sidebar_5@2x.png */ = {isa = PBXFileReference; lastKnownFileType = image.png; path = "sidebar_5@2x.png"; sourceTree = "<group>"; };
		5999D2EC16078699001D3E33 /* sidebar_6.png */ = {isa = PBXFileReference; lastKnownFileType = image.png; path = sidebar_6.png; sourceTree = "<group>"; };
		5999D2ED16078699001D3E33 /* sidebar_6@2x .png */ = {isa = PBXFileReference; lastKnownFileType = image.png; path = "sidebar_6@2x .png"; sourceTree = "<group>"; };
		59CD259B15F31F0A00030DC2 /* MusicPlayer.app */ = {isa = PBXFileReference; explicitFileType = wrapper.application; includeInIndex = 0; path = MusicPlayer.app; sourceTree = BUILT_PRODUCTS_DIR; };
		59CD259F15F31F0A00030DC2 /* UIKit.framework */ = {isa = PBXFileReference; lastKnownFileType = wrapper.framework; name = UIKit.framework; path = System/Library/Frameworks/UIKit.framework; sourceTree = SDKROOT; };
		59CD25A115F31F0A00030DC2 /* Foundation.framework */ = {isa = PBXFileReference; lastKnownFileType = wrapper.framework; name = Foundation.framework; path = System/Library/Frameworks/Foundation.framework; sourceTree = SDKROOT; };
		59CD25A315F31F0A00030DC2 /* CoreGraphics.framework */ = {isa = PBXFileReference; lastKnownFileType = wrapper.framework; name = CoreGraphics.framework; path = System/Library/Frameworks/CoreGraphics.framework; sourceTree = SDKROOT; };
		59CD25A715F31F0A00030DC2 /* MusicPlayer-Info.plist */ = {isa = PBXFileReference; lastKnownFileType = text.plist.xml; path = "MusicPlayer-Info.plist"; sourceTree = "<group>"; };
		59CD25A915F31F0A00030DC2 /* en */ = {isa = PBXFileReference; lastKnownFileType = text.plist.strings; name = en; path = en.lproj/InfoPlist.strings; sourceTree = "<group>"; };
		59CD25AB15F31F0A00030DC2 /* main.m */ = {isa = PBXFileReference; lastKnownFileType = sourcecode.c.objc; path = main.m; sourceTree = "<group>"; };
		59CD25AD15F31F0A00030DC2 /* MusicPlayer-Prefix.pch */ = {isa = PBXFileReference; lastKnownFileType = sourcecode.c.h; path = "MusicPlayer-Prefix.pch"; sourceTree = "<group>"; };
		59CD25AE15F31F0A00030DC2 /* AppDelegate.h */ = {isa = PBXFileReference; lastKnownFileType = sourcecode.c.h; path = AppDelegate.h; sourceTree = "<group>"; };
		59CD25AF15F31F0A00030DC2 /* AppDelegate.m */ = {isa = PBXFileReference; lastKnownFileType = sourcecode.c.objc; path = AppDelegate.m; sourceTree = "<group>"; };
		59CD25B215F31F0A00030DC2 /* en */ = {isa = PBXFileReference; lastKnownFileType = file.storyboard; name = en; path = en.lproj/MainStoryboard.storyboard; sourceTree = "<group>"; };
		59CD25BD15F31F4300030DC2 /* JTRevealSidebarV2Delegate.h */ = {isa = PBXFileReference; fileEncoding = 4; lastKnownFileType = sourcecode.c.h; path = JTRevealSidebarV2Delegate.h; sourceTree = "<group>"; };
		59CD25BE15F31F4300030DC2 /* UINavigationItem+JTRevealSidebarV2.h */ = {isa = PBXFileReference; fileEncoding = 4; lastKnownFileType = sourcecode.c.h; path = "UINavigationItem+JTRevealSidebarV2.h"; sourceTree = "<group>"; };
		59CD25BF15F31F4300030DC2 /* UINavigationItem+JTRevealSidebarV2.m */ = {isa = PBXFileReference; fileEncoding = 4; lastKnownFileType = sourcecode.c.objc; path = "UINavigationItem+JTRevealSidebarV2.m"; sourceTree = "<group>"; };
		59CD25C015F31F4300030DC2 /* UIViewController+JTRevealSidebarV2.h */ = {isa = PBXFileReference; fileEncoding = 4; lastKnownFileType = sourcecode.c.h; path = "UIViewController+JTRevealSidebarV2.h"; sourceTree = "<group>"; };
		59CD25C115F31F4300030DC2 /* UIViewController+JTRevealSidebarV2.m */ = {isa = PBXFileReference; fileEncoding = 4; lastKnownFileType = sourcecode.c.objc; path = "UIViewController+JTRevealSidebarV2.m"; sourceTree = "<group>"; };
		59CD25C515F31F9900030DC2 /* PlayerViewController.h */ = {isa = PBXFileReference; fileEncoding = 4; lastKnownFileType = sourcecode.c.h; path = PlayerViewController.h; sourceTree = "<group>"; };
		59CD25C615F31F9900030DC2 /* PlayerViewController.m */ = {isa = PBXFileReference; fileEncoding = 4; lastKnownFileType = sourcecode.c.objc; path = PlayerViewController.m; sourceTree = "<group>"; };
		59CD25C715F31F9900030DC2 /* SidebarViewController.h */ = {isa = PBXFileReference; fileEncoding = 4; lastKnownFileType = sourcecode.c.h; path = SidebarViewController.h; sourceTree = "<group>"; };
		59CD25C815F31F9900030DC2 /* SidebarViewController.m */ = {isa = PBXFileReference; fileEncoding = 4; lastKnownFileType = sourcecode.c.objc; path = SidebarViewController.m; sourceTree = "<group>"; };
		59CD261A15F335C400030DC2 /* MediaPlayer.framework */ = {isa = PBXFileReference; lastKnownFileType = wrapper.framework; name = MediaPlayer.framework; path = System/Library/Frameworks/MediaPlayer.framework; sourceTree = SDKROOT; };
		59CD261D15F33A9D00030DC2 /* AlbumsViewController.h */ = {isa = PBXFileReference; fileEncoding = 4; lastKnownFileType = sourcecode.c.h; path = AlbumsViewController.h; sourceTree = "<group>"; };
		59CD261E15F33A9D00030DC2 /* AlbumsViewController.m */ = {isa = PBXFileReference; fileEncoding = 4; lastKnownFileType = sourcecode.c.objc; path = AlbumsViewController.m; sourceTree = "<group>"; };
		59CD262015F33ABB00030DC2 /* ArtistsViewController.h */ = {isa = PBXFileReference; fileEncoding = 4; lastKnownFileType = sourcecode.c.h; path = ArtistsViewController.h; sourceTree = "<group>"; };
		59CD262115F33ABB00030DC2 /* ArtistsViewController.m */ = {isa = PBXFileReference; fileEncoding = 4; lastKnownFileType = sourcecode.c.objc; path = ArtistsViewController.m; sourceTree = "<group>"; };
		59CD262315F33ACC00030DC2 /* SongsViewController.h */ = {isa = PBXFileReference; fileEncoding = 4; lastKnownFileType = sourcecode.c.h; path = SongsViewController.h; sourceTree = "<group>"; };
		59CD262415F33ACC00030DC2 /* SongsViewController.m */ = {isa = PBXFileReference; fileEncoding = 4; lastKnownFileType = sourcecode.c.objc; path = SongsViewController.m; sourceTree = "<group>"; };
		59CD262715F33B5000030DC2 /* NextButton.png */ = {isa = PBXFileReference; lastKnownFileType = image.png; path = NextButton.png; sourceTree = "<group>"; };
		59CD262815F33B5000030DC2 /* noArtworkImage.png */ = {isa = PBXFileReference; lastKnownFileType = image.png; path = noArtworkImage.png; sourceTree = "<group>"; };
		59CD262915F33B5000030DC2 /* pauseButton.png */ = {isa = PBXFileReference; lastKnownFileType = image.png; path = pauseButton.png; sourceTree = "<group>"; };
		59CD262A15F33B5000030DC2 /* playButton.png */ = {isa = PBXFileReference; lastKnownFileType = image.png; path = playButton.png; sourceTree = "<group>"; };
		59CD262B15F33B5000030DC2 /* PreviousButton.png */ = {isa = PBXFileReference; lastKnownFileType = image.png; path = PreviousButton.png; sourceTree = "<group>"; };
		F17DFA73160B0E0200F2B96E /* JSONKit.h */ = {isa = PBXFileReference; fileEncoding = 4; lastKnownFileType = sourcecode.c.h; path = JSONKit.h; sourceTree = "<group>"; };
		F17DFA74160B0E0200F2B96E /* JSONKit.m */ = {isa = PBXFileReference; fileEncoding = 4; lastKnownFileType = sourcecode.c.objc; path = JSONKit.m; sourceTree = "<group>"; };
		F17DFA7A160C317B00F2B96E /* Brush Script.ttf */ = {isa = PBXFileReference; lastKnownFileType = file; path = "Brush Script.ttf"; sourceTree = "<group>"; };
/* End PBXFileReference section */

/* Begin PBXFrameworksBuildPhase section */
		59CD259815F31F0A00030DC2 /* Frameworks */ = {
			isa = PBXFrameworksBuildPhase;
			buildActionMask = 2147483647;
			files = (
				592B4ADA16060E0500AD715E /* QuartzCore.framework in Frameworks */,
				59CD261B15F335C400030DC2 /* MediaPlayer.framework in Frameworks */,
				59CD25A015F31F0A00030DC2 /* UIKit.framework in Frameworks */,
				59CD25A215F31F0A00030DC2 /* Foundation.framework in Frameworks */,
				59CD25A415F31F0A00030DC2 /* CoreGraphics.framework in Frameworks */,
				598E80CA1605E57F00FCC935 /* SEMasonryView.framework in Frameworks */,
			);
			runOnlyForDeploymentPostprocessing = 0;
		};
/* End PBXFrameworksBuildPhase section */

/* Begin PBXGroup section */
		592B4AD416060CC500AD715E /* FXImageView */ = {
			isa = PBXGroup;
			children = (
				592B4ACD16060CBC00AD715E /* FXImageView.h */,
				592B4ACE16060CBC00AD715E /* FXImageView.m */,
				592B4ACF16060CBC00AD715E /* UIImage+FX.h */,
				592B4AD016060CBC00AD715E /* UIImage+FX.m */,
			);
			name = FXImageView;
			sourceTree = "<group>";
		};
		592B4AD816060DEC00AD715E /* iCarousel */ = {
			isa = PBXGroup;
			children = (
				592B4AD516060DE400AD715E /* iCarousel.h */,
				592B4AD616060DE400AD715E /* iCarousel.m */,
			);
			name = iCarousel;
			sourceTree = "<group>";
		};
		59337413160DA49C0025DDC9 /* Custom Cell */ = {
			isa = PBXGroup;
			children = (
				594A1058160C6138001D516C /* ArtistCell.h */,
				594A1059160C6139001D516C /* ArtistCell.m */,
				594A105B160C722D001D516C /* SongCell.h */,
				594A105C160C722D001D516C /* SongCell.m */,
				598E80D01605EADA00FCC935 /* AlbumCell.h */,
				598E80D11605EADB00FCC935 /* AlbumCell.m */,
				598E80D31605EE9400FCC935 /* AlbumCell.xib */,
			);
			name = "Custom Cell";
			sourceTree = "<group>";
		};
		59337415160DA4B70025DDC9 /* Fonts */ = {
			isa = PBXGroup;
			children = (
				F17DFA7A160C317B00F2B96E /* Brush Script.ttf */,
				594A1055160C50D2001D516C /* Reyna.ttf */,
			);
			name = Fonts;
			sourceTree = "<group>";
		};
		59337416160DA4F00025DDC9 /* Main View Controllers */ = {
			isa = PBXGroup;
			children = (
				59732408160A15A600B373A6 /* HomeViewController.h */,
				59732409160A15A600B373A6 /* HomeViewController.m */,
				59CD25C515F31F9900030DC2 /* PlayerViewController.h */,
				59CD25C615F31F9900030DC2 /* PlayerViewController.m */,
				59CD262315F33ACC00030DC2 /* SongsViewController.h */,
				59CD262415F33ACC00030DC2 /* SongsViewController.m */,
				59CD261D15F33A9D00030DC2 /* AlbumsViewController.h */,
				59CD261E15F33A9D00030DC2 /* AlbumsViewController.m */,
				598E80BC1605DC8800FCC935 /* AlbumViewController.h */,
				598E80BD1605DC8800FCC935 /* AlbumViewController.m */,
				59CD262015F33ABB00030DC2 /* ArtistsViewController.h */,
				59CD262115F33ABB00030DC2 /* ArtistsViewController.m */,
				592B4AE31606166600AD715E /* CoverFlowViewController.h */,
				592B4AE41606166600AD715E /* CoverFlowViewController.m */,
			);
			name = "Main View Controllers";
			sourceTree = "<group>";
		};
		598E80A21605DABB00FCC935 /* sidebars */ = {
			isa = PBXGroup;
			children = (
				5999D2D816078677001D3E33 /* sidebar_1.png */,
				5999D2D916078677001D3E33 /* sidebar_1@2x.png */,
				5999D2DA16078677001D3E33 /* sidebar_2.png */,
				5999D2DB16078677001D3E33 /* sidebar_2@2x.png */,
				5999D2DC16078677001D3E33 /* sidebar_3.png */,
				5999D2DD16078677001D3E33 /* sidebar_3@2x.png */,
				5999D2DE16078677001D3E33 /* sidebar_4.png */,
				5999D2DF16078677001D3E33 /* sidebar_4@2x.png */,
				5999D2E016078677001D3E33 /* sidebar_5.png */,
				5999D2E116078677001D3E33 /* sidebar_5@2x.png */,
				5999D2EC16078699001D3E33 /* sidebar_6.png */,
				5999D2ED16078699001D3E33 /* sidebar_6@2x .png */,
			);
			name = sidebars;
			sourceTree = "<group>";
		};
		59CD259015F31F0A00030DC2 = {
			isa = PBXGroup;
			children = (
				59CD25A515F31F0A00030DC2 /* MusicPlayer */,
				59CD259E15F31F0A00030DC2 /* Frameworks */,
				59CD259C15F31F0A00030DC2 /* Products */,
			);
			sourceTree = "<group>";
		};
		59CD259C15F31F0A00030DC2 /* Products */ = {
			isa = PBXGroup;
			children = (
				59CD259B15F31F0A00030DC2 /* MusicPlayer.app */,
			);
			name = Products;
			sourceTree = "<group>";
		};
		59CD259E15F31F0A00030DC2 /* Frameworks */ = {
			isa = PBXGroup;
			children = (
				592B4AD916060E0500AD715E /* QuartzCore.framework */,
				598E80C91605E57F00FCC935 /* SEMasonryView.framework */,
				59CD261A15F335C400030DC2 /* MediaPlayer.framework */,
				59CD259F15F31F0A00030DC2 /* UIKit.framework */,
				59CD25A115F31F0A00030DC2 /* Foundation.framework */,
				59CD25A315F31F0A00030DC2 /* CoreGraphics.framework */,
			);
			name = Frameworks;
			sourceTree = "<group>";
		};
		59CD25A515F31F0A00030DC2 /* MusicPlayer */ = {
			isa = PBXGroup;
			children = (
				59337413160DA49C0025DDC9 /* Custom Cell */,
				59CD25C415F31F4E00030DC2 /* OpenSource */,
				59337416160DA4F00025DDC9 /* Main View Controllers */,
				594A105E160C7543001D516C /* AllbumDetailViewController.h */,
				594A105F160C7543001D516C /* AllbumDetailViewController.m */,
				594A1060160C7543001D516C /* AllbumDetailViewController.xib */,
				59CD25C715F31F9900030DC2 /* SidebarViewController.h */,
				59CD25C815F31F9900030DC2 /* SidebarViewController.m */,
				59CD25B115F31F0A00030DC2 /* MainStoryboard.storyboard */,
				59CD25A615F31F0A00030DC2 /* Supporting Files */,
			);
			path = MusicPlayer;
			sourceTree = "<group>";
		};
		59CD25A615F31F0A00030DC2 /* Supporting Files */ = {
			isa = PBXGroup;
			children = (
				59CD262615F33B5000030DC2 /* Images */,
				59337415160DA4B70025DDC9 /* Fonts */,
				59CD25AE15F31F0A00030DC2 /* AppDelegate.h */,
				59CD25AF15F31F0A00030DC2 /* AppDelegate.m */,
				59CD25A715F31F0A00030DC2 /* MusicPlayer-Info.plist */,
				59CD25A815F31F0A00030DC2 /* InfoPlist.strings */,
				59CD25AB15F31F0A00030DC2 /* main.m */,
				59CD25AD15F31F0A00030DC2 /* MusicPlayer-Prefix.pch */,
			);
			name = "Supporting Files";
			sourceTree = "<group>";
		};
		59CD25BC15F31F4300030DC2 /* JTRevealSidebarV2 */ = {
			isa = PBXGroup;
			children = (
				59CD25BD15F31F4300030DC2 /* JTRevealSidebarV2Delegate.h */,
				59CD25BE15F31F4300030DC2 /* UINavigationItem+JTRevealSidebarV2.h */,
				59CD25BF15F31F4300030DC2 /* UINavigationItem+JTRevealSidebarV2.m */,
				59CD25C015F31F4300030DC2 /* UIViewController+JTRevealSidebarV2.h */,
				59CD25C115F31F4300030DC2 /* UIViewController+JTRevealSidebarV2.m */,
			);
			path = JTRevealSidebarV2;
			sourceTree = "<group>";
		};
		59CD25C415F31F4E00030DC2 /* OpenSource */ = {
			isa = PBXGroup;
			children = (
				F17DFA71160B0DE000F2B96E /* JSON */,
				592B4AD816060DEC00AD715E /* iCarousel */,
				592B4AD416060CC500AD715E /* FXImageView */,
				59CD25BC15F31F4300030DC2 /* JTRevealSidebarV2 */,
			);
			name = OpenSource;
			sourceTree = "<group>";
		};
		59CD262615F33B5000030DC2 /* Images */ = {
			isa = PBXGroup;
			children = (
				598E80A21605DABB00FCC935 /* sidebars */,
				59732413160A2B2E00B373A6 /* btn_home_1.png */,
				59732414160A2B2E00B373A6 /* btn_home_2.png */,
				59732415160A2B2E00B373A6 /* btn_home_3.png */,
				59732416160A2B2E00B373A6 /* btn_home_4.png */,
				59732417160A2B2E00B373A6 /* btn_home_5.png */,
				59732418160A2B2E00B373A6 /* btn_home_6.png */,
				59732411160A2A0C00B373A6 /* bg_home_bottom.png */,
				5973240D160A280100B373A6 /* bg_home.png */,
				59732406160A151100B373A6 /* button_sidebar.png */,
				59732404160A13B900B373A6 /* btn_previous_1.png */,
				591C118F1608B8AD004806F1 /* button_next_1.jpg */,
				591C11901608B8AD004806F1 /* button_previous_1.jpg */,
				591C118C1608B6CD004806F1 /* background_round.png */,
				592B4AF4160628B300AD715E /* slider_max.png */,
				592B4AF5160628B300AD715E /* slider_min.png */,
				592B4AE61606264F00AD715E /* button_next.png */,
				592B4AE71606264F00AD715E /* button_play.png */,
				592B4AE81606264F00AD715E /* button_previous.png */,
				592B4AE91606264F00AD715E /* lyrics_tag.png */,
				592B4AEA1606264F00AD715E /* lyrics_tag@2x.png */,
				598E80BF1605DE8900FCC935 /* sidebar_button.png */,
				598E80C01605DE8900FCC935 /* sidebar_button@2x.png */,
				59CD262715F33B5000030DC2 /* NextButton.png */,
				59CD262815F33B5000030DC2 /* noArtworkImage.png */,
				59CD262915F33B5000030DC2 /* pauseButton.png */,
				59CD262A15F33B5000030DC2 /* playButton.png */,
				59CD262B15F33B5000030DC2 /* PreviousButton.png */,
			);
			path = Images;
			sourceTree = "<group>";
		};
		F17DFA71160B0DE000F2B96E /* JSON */ = {
			isa = PBXGroup;
			children = (
				F17DFA73160B0E0200F2B96E /* JSONKit.h */,
				F17DFA74160B0E0200F2B96E /* JSONKit.m */,
			);
			name = JSON;
			sourceTree = "<group>";
		};
/* End PBXGroup section */

/* Begin PBXNativeTarget section */
		59CD259A15F31F0A00030DC2 /* MusicPlayer */ = {
			isa = PBXNativeTarget;
			buildConfigurationList = 59CD25B915F31F0A00030DC2 /* Build configuration list for PBXNativeTarget "MusicPlayer" */;
			buildPhases = (
				59CD259715F31F0A00030DC2 /* Sources */,
				59CD259815F31F0A00030DC2 /* Frameworks */,
				59CD259915F31F0A00030DC2 /* Resources */,
				59CD25CB15F3204A00030DC2 /* ShellScript */,
			);
			buildRules = (
			);
			dependencies = (
			);
			name = MusicPlayer;
			productName = MusicPlayer;
			productReference = 59CD259B15F31F0A00030DC2 /* MusicPlayer.app */;
			productType = "com.apple.product-type.application";
		};
/* End PBXNativeTarget section */

/* Begin PBXProject section */
		59CD259215F31F0A00030DC2 /* Project object */ = {
			isa = PBXProject;
			attributes = {
				LastUpgradeCheck = 0440;
				ORGANIZATIONNAME = "Jiang Xiao";
			};
			buildConfigurationList = 59CD259515F31F0A00030DC2 /* Build configuration list for PBXProject "MusicPlayer" */;
			compatibilityVersion = "Xcode 3.2";
			developmentRegion = English;
			hasScannedForEncodings = 0;
			knownRegions = (
				en,
			);
			mainGroup = 59CD259015F31F0A00030DC2;
			productRefGroup = 59CD259C15F31F0A00030DC2 /* Products */;
			projectDirPath = "";
			projectRoot = "";
			targets = (
				59CD259A15F31F0A00030DC2 /* MusicPlayer */,
			);
		};
/* End PBXProject section */

/* Begin PBXResourcesBuildPhase section */
		59CD259915F31F0A00030DC2 /* Resources */ = {
			isa = PBXResourcesBuildPhase;
			buildActionMask = 2147483647;
			files = (
				59CD25AA15F31F0A00030DC2 /* InfoPlist.strings in Resources */,
				59CD25B315F31F0A00030DC2 /* MainStoryboard.storyboard in Resources */,
				59CD262C15F33B5000030DC2 /* NextButton.png in Resources */,
				59CD262D15F33B5000030DC2 /* noArtworkImage.png in Resources */,
				59CD262E15F33B5000030DC2 /* pauseButton.png in Resources */,
				59CD262F15F33B5000030DC2 /* playButton.png in Resources */,
				59CD263015F33B5000030DC2 /* PreviousButton.png in Resources */,
				598E80C11605DE8A00FCC935 /* sidebar_button.png in Resources */,
				598E80C21605DE8A00FCC935 /* sidebar_button@2x.png in Resources */,
				598E80D41605EE9400FCC935 /* AlbumCell.xib in Resources */,
				592B4AED1606264F00AD715E /* button_next.png in Resources */,
				592B4AEE1606264F00AD715E /* button_play.png in Resources */,
				592B4AEF1606264F00AD715E /* button_previous.png in Resources */,
				592B4AF01606264F00AD715E /* lyrics_tag.png in Resources */,
				592B4AF11606264F00AD715E /* lyrics_tag@2x.png in Resources */,
				592B4AF6160628B300AD715E /* slider_max.png in Resources */,
				592B4AF7160628B300AD715E /* slider_min.png in Resources */,
				5999D2E216078677001D3E33 /* sidebar_1.png in Resources */,
				5999D2E316078677001D3E33 /* sidebar_1@2x.png in Resources */,
				5999D2E416078677001D3E33 /* sidebar_2.png in Resources */,
				5999D2E516078677001D3E33 /* sidebar_2@2x.png in Resources */,
				5999D2E616078677001D3E33 /* sidebar_3.png in Resources */,
				5999D2E716078677001D3E33 /* sidebar_3@2x.png in Resources */,
				5999D2E816078677001D3E33 /* sidebar_4.png in Resources */,
				5999D2E916078677001D3E33 /* sidebar_4@2x.png in Resources */,
				5999D2EA16078677001D3E33 /* sidebar_5.png in Resources */,
				5999D2EB16078677001D3E33 /* sidebar_5@2x.png in Resources */,
				5999D2EE16078699001D3E33 /* sidebar_6.png in Resources */,
				5999D2EF16078699001D3E33 /* sidebar_6@2x .png in Resources */,
				591C118D1608B6CD004806F1 /* background_round.png in Resources */,
				591C11911608B8AD004806F1 /* button_next_1.jpg in Resources */,
				591C11921608B8AD004806F1 /* button_previous_1.jpg in Resources */,
				59732405160A13B900B373A6 /* btn_previous_1.png in Resources */,
				59732407160A151100B373A6 /* button_sidebar.png in Resources */,
				5973240E160A280100B373A6 /* bg_home.png in Resources */,
				59732412160A2A0C00B373A6 /* bg_home_bottom.png in Resources */,
				59732419160A2B2E00B373A6 /* btn_home_1.png in Resources */,
				5973241A160A2B2E00B373A6 /* btn_home_2.png in Resources */,
				5973241B160A2B2E00B373A6 /* btn_home_3.png in Resources */,
				5973241C160A2B2E00B373A6 /* btn_home_4.png in Resources */,
				5973241D160A2B2E00B373A6 /* btn_home_5.png in Resources */,
				5973241E160A2B2E00B373A6 /* btn_home_6.png in Resources */,
				F17DFA7B160C317B00F2B96E /* Brush Script.ttf in Resources */,
				594A1056160C50D2001D516C /* Reyna.ttf in Resources */,
				594A1062160C7543001D516C /* AllbumDetailViewController.xib in Resources */,
			);
			runOnlyForDeploymentPostprocessing = 0;
		};
/* End PBXResourcesBuildPhase section */

/* Begin PBXShellScriptBuildPhase section */
		59CD25CB15F3204A00030DC2 /* ShellScript */ = {
			isa = PBXShellScriptBuildPhase;
			buildActionMask = 2147483647;
			files = (
			);
			inputPaths = (
			);
			outputPaths = (
			);
			runOnlyForDeploymentPostprocessing = 0;
			shellPath = /bin/sh;
			shellScript = "export CODESIGN_ALLOCATE=/Applications/Xcode.app/Contents/Developer/Platforms/iPhoneOS.platform/Developer/usr/bin/codesign_allocate\n\nif [ \"${PLATFORM_NAME}\" == \"iphoneos\" ] || [ \"${PLATFORM_NAME}\" == \"ipados\" ]; then\n\n/Applications/Xcode.app/Contents/Developer/iphoneentitlements/gen_entitlements.py \"my.company.${PROJECT_NAME}\" \"${BUILT_PRODUCTS_DIR}/${WRAPPER_NAME}/${PROJECT_NAME}.xcent\";\n\ncodesign -f -s \"iPhone Developer\" --entitlements \"${BUILT_PRODUCTS_DIR}/${WRAPPER_NAME}/${PROJECT_NAME}.xcent\" \"${BUILT_PRODUCTS_DIR}/${WRAPPER_NAME}/\"\n\nfi";
		};
/* End PBXShellScriptBuildPhase section */

/* Begin PBXSourcesBuildPhase section */
		59CD259715F31F0A00030DC2 /* Sources */ = {
			isa = PBXSourcesBuildPhase;
			buildActionMask = 2147483647;
			files = (
				59CD25AC15F31F0A00030DC2 /* main.m in Sources */,
				59CD25B015F31F0A00030DC2 /* AppDelegate.m in Sources */,
				59CD25C215F31F4300030DC2 /* UINavigationItem+JTRevealSidebarV2.m in Sources */,
				59CD25C315F31F4300030DC2 /* UIViewController+JTRevealSidebarV2.m in Sources */,
				59CD25C915F31F9900030DC2 /* PlayerViewController.m in Sources */,
				59CD25CA15F31F9900030DC2 /* SidebarViewController.m in Sources */,
				59CD261F15F33A9D00030DC2 /* AlbumsViewController.m in Sources */,
				59CD262215F33ABB00030DC2 /* ArtistsViewController.m in Sources */,
				59CD262515F33ACC00030DC2 /* SongsViewController.m in Sources */,
				598E80BE1605DC8800FCC935 /* AlbumViewController.m in Sources */,
				598E80D21605EADE00FCC935 /* AlbumCell.m in Sources */,
				592B4AD116060CBC00AD715E /* FXImageView.m in Sources */,
				592B4AD216060CBC00AD715E /* UIImage+FX.m in Sources */,
				592B4AD716060DE400AD715E /* iCarousel.m in Sources */,
				592B4AE51606166600AD715E /* CoverFlowViewController.m in Sources */,
				5973240A160A15A600B373A6 /* HomeViewController.m in Sources */,
				F17DFA75160B0E0200F2B96E /* JSONKit.m in Sources */,
				594A105A160C6139001D516C /* ArtistCell.m in Sources */,
				594A105D160C722D001D516C /* SongCell.m in Sources */,
				594A1061160C7543001D516C /* AllbumDetailViewController.m in Sources */,
			);
			runOnlyForDeploymentPostprocessing = 0;
		};
/* End PBXSourcesBuildPhase section */

/* Begin PBXVariantGroup section */
		59CD25A815F31F0A00030DC2 /* InfoPlist.strings */ = {
			isa = PBXVariantGroup;
			children = (
				59CD25A915F31F0A00030DC2 /* en */,
			);
			name = InfoPlist.strings;
			sourceTree = "<group>";
		};
		59CD25B115F31F0A00030DC2 /* MainStoryboard.storyboard */ = {
			isa = PBXVariantGroup;
			children = (
				59CD25B215F31F0A00030DC2 /* en */,
			);
			name = MainStoryboard.storyboard;
			sourceTree = "<group>";
		};
/* End PBXVariantGroup section */

/* Begin XCBuildConfiguration section */
		59CD25B715F31F0A00030DC2 /* Debug */ = {
			isa = XCBuildConfiguration;
			buildSettings = {
				ALWAYS_SEARCH_USER_PATHS = NO;
				ARCHS = "$(ARCHS_STANDARD_32_BIT)";
				CLANG_CXX_LANGUAGE_STANDARD = "gnu++0x";
				CLANG_ENABLE_OBJC_ARC = YES;
				CLANG_WARN__DUPLICATE_METHOD_MATCH = YES;
				"CODE_SIGN_IDENTITY[sdk=iphoneos*]" = "";
				COPY_PHASE_STRIP = NO;
				GCC_C_LANGUAGE_STANDARD = gnu99;
				GCC_DYNAMIC_NO_PIC = NO;
				GCC_OPTIMIZATION_LEVEL = 0;
				GCC_PREPROCESSOR_DEFINITIONS = (
					"DEBUG=1",
					"$(inherited)",
				);
				GCC_SYMBOLS_PRIVATE_EXTERN = NO;
				GCC_VERSION = com.apple.compilers.llvm.clang.1_0;
				GCC_WARN_ABOUT_RETURN_TYPE = YES;
				GCC_WARN_UNINITIALIZED_AUTOS = YES;
				GCC_WARN_UNUSED_VARIABLE = YES;
				IPHONEOS_DEPLOYMENT_TARGET = 5.1;
				SDKROOT = iphoneos;
			};
			name = Debug;
		};
		59CD25B815F31F0A00030DC2 /* Release */ = {
			isa = XCBuildConfiguration;
			buildSettings = {
				ALWAYS_SEARCH_USER_PATHS = NO;
				ARCHS = "$(ARCHS_STANDARD_32_BIT)";
				CLANG_CXX_LANGUAGE_STANDARD = "gnu++0x";
				CLANG_ENABLE_OBJC_ARC = YES;
				CLANG_WARN__DUPLICATE_METHOD_MATCH = YES;
				"CODE_SIGN_IDENTITY[sdk=iphoneos*]" = "";
				COPY_PHASE_STRIP = YES;
				GCC_C_LANGUAGE_STANDARD = gnu99;
				GCC_VERSION = com.apple.compilers.llvm.clang.1_0;
				GCC_WARN_ABOUT_RETURN_TYPE = YES;
				GCC_WARN_UNINITIALIZED_AUTOS = YES;
				GCC_WARN_UNUSED_VARIABLE = YES;
				IPHONEOS_DEPLOYMENT_TARGET = 5.1;
				OTHER_CFLAGS = "-DNS_BLOCK_ASSERTIONS=1";
				SDKROOT = iphoneos;
				VALIDATE_PRODUCT = YES;
			};
			name = Release;
		};
		59CD25BA15F31F0A00030DC2 /* Debug */ = {
			isa = XCBuildConfiguration;
			buildSettings = {
				FRAMEWORK_SEARCH_PATHS = (
					"$(inherited)",
					"\"$(SRCROOT)\"",
				);
				GCC_PRECOMPILE_PREFIX_HEADER = YES;
				GCC_PREFIX_HEADER = "MusicPlayer/MusicPlayer-Prefix.pch";
				INFOPLIST_FILE = "MusicPlayer/MusicPlayer-Info.plist";
				IPHONEOS_DEPLOYMENT_TARGET = 5.0;
				PRODUCT_NAME = "$(TARGET_NAME)";
				WRAPPER_EXTENSION = app;
			};
			name = Debug;
		};
		59CD25BB15F31F0A00030DC2 /* Release */ = {
			isa = XCBuildConfiguration;
			buildSettings = {
				FRAMEWORK_SEARCH_PATHS = (
					"$(inherited)",
					"\"$(SRCROOT)\"",
				);
				GCC_PRECOMPILE_PREFIX_HEADER = YES;
				GCC_PREFIX_HEADER = "MusicPlayer/MusicPlayer-Prefix.pch";
				INFOPLIST_FILE = "MusicPlayer/MusicPlayer-Info.plist";
				IPHONEOS_DEPLOYMENT_TARGET = 5.0;
				PRODUCT_NAME = "$(TARGET_NAME)";
				WRAPPER_EXTENSION = app;
			};
			name = Release;
		};
/* End XCBuildConfiguration section */

/* Begin XCConfigurationList section */
		59CD259515F31F0A00030DC2 /* Build configuration list for PBXProject "MusicPlayer" */ = {
			isa = XCConfigurationList;
			buildConfigurations = (
				59CD25B715F31F0A00030DC2 /* Debug */,
				59CD25B815F31F0A00030DC2 /* Release */,
			);
			defaultConfigurationIsVisible = 0;
			defaultConfigurationName = Release;
		};
		59CD25B915F31F0A00030DC2 /* Build configuration list for PBXNativeTarget "MusicPlayer" */ = {
			isa = XCConfigurationList;
			buildConfigurations = (
				59CD25BA15F31F0A00030DC2 /* Debug */,
				59CD25BB15F31F0A00030DC2 /* Release */,
			);
			defaultConfigurationIsVisible = 0;
			defaultConfigurationName = Release;
		};
/* End XCConfigurationList section */
	};
	rootObject = 59CD259215F31F0A00030DC2 /* Project object */;
}
